<Solution>
  <Project Path="01_MainSubject/01_MainSubject.csproj" Id="3b751a39-80e7-462b-83db-49afbea1c1a9" />
  <Project Path="02_Variables/02_Variables.csproj" Id="52aa0529-053c-474d-a08c-f2f86bbbfb1a" />
  <Project Path="03_MakingDecision/03_MakingDecision.csproj" Id="4394f9d3-6a36-481a-bb56-5933799a688e" />
  <Project Path="04_Loops/04_Loops.csproj" Id="7dbb401a-4b9f-4048-b5b8-a320bef04abb" />
  <Project Path="05_LoopsWithStars/05_LoopsWithStars.csproj" Id="4c7ff713-084f-4c89-be03-3a2905cfba30" />
  <Project Path="06_Arrays/06_Arrays.csproj" Id="38b990f2-1025-4e47-aa7c-f7876a5f2175" />
</Solution>
